
Microsoft Visual Studio Solution File, Format Version 12.00
# Visual Studio Version 16
VisualStudioVersion = 16.0.29215.179
MinimumVisualStudioVersion = 10.0.40219.1
Project("{888888A0-9F3D-457C-B088-3A5042F75D52}") = "excel_test1", "excel_test1.pyproj", "{7987DEEA-F088-420F-BAE5-56FA44661D31}"
EndProject
Global
	GlobalSection(SolutionConfigurationPlatforms) = preSolution
		Debug|Any CPU = Debug|Any CPU
		Release|Any CPU = Release|Any CPU
	EndGlobalSection
	GlobalSection(ProjectConfigurationPlatforms) = postSolution
		{7987DEEA-F088-420F-BAE5-56FA44661D31}.Debug|Any CPU.ActiveCfg = Debug|Any CPU
		{7987DEEA-F088-420F-BAE5-56FA44661D31}.Release|Any CPU.ActiveCfg = Release|Any CPU
	EndGlobalSection
	GlobalSection(SolutionProperties) = preSolution
		HideSolutionNode = FALSE
	EndGlobalSection
	GlobalSection(ExtensibilityGlobals) = postSolution
		SolutionGuid = {54A97224-36EF-49FE-A314-2AEE300C4F6B}
	EndGlobalSection
EndGlobal
